PODS:
  - ActivityIndicatorManager (2.0.0)

DEPENDENCIES:
  - ActivityIndicatorManager (from `../`)

EXTERNAL SOURCES:
  ActivityIndicatorManager:
    :path: "../"

SPEC CHECKSUMS:
  ActivityIndicatorManager: c4c99f76c5a6be163a18ed726412bda6848a7a2d

PODFILE CHECKSUM: ca140346100ce8c2423685a283e4edf058167a37

COCOAPODS: 1.8.4
