PODS:
  - ActivityIndicatorManager (1.0.0)

DEPENDENCIES:
  - ActivityIndicatorManager

SPEC REPOS:
  trunk:
    - ActivityIndicatorManager

SPEC CHECKSUMS:
  ActivityIndicatorManager: 0b83d93a1c3edbb4e5712aafc659d0c4907bec8d

PODFILE CHECKSUM: 524ce32597e2f3d6e3f1915c7cf39e8136e12132

COCOAPODS: 1.8.4
